
Microsoft Visual Studio Solution File, Format Version 12.00
# Visual Studio Version 17
VisualStudioVersion = 17.0.32002.185
MinimumVisualStudioVersion = 10.0.40219.1
Project("{FAE04EC0-301F-11D3-BF4B-00C04F79EFBC}") = "Tinder", "Tinder\Tinder.csproj", "{C9D1431C-4498-43CD-9A11-B1D1744E5125}"
EndProject
Global
	GlobalSection(SolutionConfigurationPlatforms) = preSolution
		Debug|Any CPU = Debug|Any CPU
		Release|Any CPU = Release|Any CPU
	EndGlobalSection
	GlobalSection(ProjectConfigurationPlatforms) = postSolution
		{C9D1431C-4498-43CD-9A11-B1D1744E5125}.Debug|Any CPU.ActiveCfg = Debug|Any CPU
		{C9D1431C-4498-43CD-9A11-B1D1744E5125}.Debug|Any CPU.Build.0 = Debug|Any CPU
		{C9D1431C-4498-43CD-9A11-B1D1744E5125}.Release|Any CPU.ActiveCfg = Release|Any CPU
		{C9D1431C-4498-43CD-9A11-B1D1744E5125}.Release|Any CPU.Build.0 = Release|Any CPU
	EndGlobalSection
	GlobalSection(SolutionProperties) = preSolution
		HideSolutionNode = FALSE
	EndGlobalSection
	GlobalSection(ExtensibilityGlobals) = postSolution
		SolutionGuid = {D9ED91FE-EAB8-400A-B421-011D66026393}
	EndGlobalSection
EndGlobal
