
Microsoft Visual Studio Solution File, Format Version 12.00
# Visual Studio Version 17
VisualStudioVersion = 17.0.32002.185
MinimumVisualStudioVersion = 10.0.40219.1
Project("{FAE04EC0-301F-11D3-BF4B-00C04F79EFBC}") = "api_Tinder", "api_Tinder\api_Tinder.csproj", "{3C05F80B-CEC2-492E-9C56-2BFDCC9B18D9}"
EndProject
Global
	GlobalSection(SolutionConfigurationPlatforms) = preSolution
		Debug|Any CPU = Debug|Any CPU
		Release|Any CPU = Release|Any CPU
	EndGlobalSection
	GlobalSection(ProjectConfigurationPlatforms) = postSolution
		{3C05F80B-CEC2-492E-9C56-2BFDCC9B18D9}.Debug|Any CPU.ActiveCfg = Debug|Any CPU
		{3C05F80B-CEC2-492E-9C56-2BFDCC9B18D9}.Debug|Any CPU.Build.0 = Debug|Any CPU
		{3C05F80B-CEC2-492E-9C56-2BFDCC9B18D9}.Release|Any CPU.ActiveCfg = Release|Any CPU
		{3C05F80B-CEC2-492E-9C56-2BFDCC9B18D9}.Release|Any CPU.Build.0 = Release|Any CPU
	EndGlobalSection
	GlobalSection(SolutionProperties) = preSolution
		HideSolutionNode = FALSE
	EndGlobalSection
	GlobalSection(ExtensibilityGlobals) = postSolution
		SolutionGuid = {96024BF3-5F90-4603-B765-A78465D7C1E1}
	EndGlobalSection
EndGlobal
